// !$*UTF8*$!
{
	archiveVersion = 1;
	classes = {
	};
	objectVersion = 50;
	objects = {

/* Begin PBXBuildFile section */
		7A833F5125A10822008E6A4D /* AppDelegate.swift in Sources */ = {isa = PBXBuildFile; fileRef = 7A833F5025A10822008E6A4D /* AppDelegate.swift */; };
		7A833F5325A10822008E6A4D /* SceneDelegate.swift in Sources */ = {isa = PBXBuildFile; fileRef = 7A833F5225A10822008E6A4D /* SceneDelegate.swift */; };
		7A833F5525A10822008E6A4D /* ViewController.swift in Sources */ = {isa = PBXBuildFile; fileRef = 7A833F5425A10822008E6A4D /* ViewController.swift */; };
		7A833F5825A10822008E6A4D /* Main.storyboard in Resources */ = {isa = PBXBuildFile; fileRef = 7A833F5625A10822008E6A4D /* Main.storyboard */; };
		7A833F5A25A10823008E6A4D /* Assets.xcassets in Resources */ = {isa = PBXBuildFile; fileRef = 7A833F5925A10823008E6A4D /* Assets.xcassets */; };
		7A833F5D25A10823008E6A4D /* LaunchScreen.storyboard in Resources */ = {isa = PBXBuildFile; fileRef = 7A833F5B25A10823008E6A4D /* LaunchScreen.storyboard */; };
/* End PBXBuildFile section */

/* Begin PBXFileReference section */
		7A833F4D25A10822008E6A4D /* Milestone4-6.app */ = {isa = PBXFileReference; explicitFileType = wrapper.application; includeInIndex = 0; path = "Milestone4-6.app"; sourceTree = BUILT_PRODUCTS_DIR; };
		7A833F5025A10822008E6A4D /* AppDelegate.swift */ = {isa = PBXFileReference; lastKnownFileType = sourcecode.swift; path = AppDelegate.swift; sourceTree = "<group>"; };
		7A833F5225A10822008E6A4D /* SceneDelegate.swift */ = {isa = PBXFileReference; lastKnownFileType = sourcecode.swift; path = SceneDelegate.swift; sourceTree = "<group>"; };
		7A833F5425A10822008E6A4D /* ViewController.swift */ = {isa = PBXFileReference; lastKnownFileType = sourcecode.swift; path = ViewController.swift; sourceTree = "<group>"; };
		7A833F5725A10822008E6A4D /* Base */ = {isa = PBXFileReference; lastKnownFileType = file.storyboard; name = Base; path = Base.lproj/Main.storyboard; sourceTree = "<group>"; };
		7A833F5925A10823008E6A4D /* Assets.xcassets */ = {isa = PBXFileReference; lastKnownFileType = folder.assetcatalog; path = Assets.xcassets; sourceTree = "<group>"; };
		7A833F5C25A10823008E6A4D /* Base */ = {isa = PBXFileReference; lastKnownFileType = file.storyboard; name = Base; path = Base.lproj/LaunchScreen.storyboard; sourceTree = "<group>"; };
		7A833F5E25A10823008E6A4D /* Info.plist */ = {isa = PBXFileReference; lastKnownFileType = text.plist.xml; path = Info.plist; sourceTree = "<group>"; };
/* End PBXFileReference section */

/* Begin PBXFrameworksBuildPhase section */
		7A833F4A25A10822008E6A4D /* Frameworks */ = {
			isa = PBXFrameworksBuildPhase;
			buildActionMask = 2147483647;
			files = (
			);
			runOnlyForDeploymentPostprocessing = 0;
		};
/* End PBXFrameworksBuildPhase section */

/* Begin PBXGroup section */
		7A833F4425A10822008E6A4D = {
			isa = PBXGroup;
			children = (
				7A833F4F25A10822008E6A4D /* Milestone4-6 */,
				7A833F4E25A10822008E6A4D /* Products */,
			);
			sourceTree = "<group>";
		};
		7A833F4E25A10822008E6A4D /* Products */ = {
			isa = PBXGroup;
			children = (
				7A833F4D25A10822008E6A4D /* Milestone4-6.app */,
			);
			name = Products;
			sourceTree = "<group>";
		};
		7A833F4F25A10822008E6A4D /* Milestone4-6 */ = {
			isa = PBXGroup;
			children = (
				7A833F5025A10822008E6A4D /* AppDelegate.swift */,
				7A833F5225A10822008E6A4D /* SceneDelegate.swift */,
				7A833F5425A10822008E6A4D /* ViewController.swift */,
				7A833F5625A10822008E6A4D /* Main.storyboard */,
				7A833F5925A10823008E6A4D /* Assets.xcassets */,
				7A833F5B25A10823008E6A4D /* LaunchScreen.storyboard */,
				7A833F5E25A10823008E6A4D /* Info.plist */,
			);
			path = "Milestone4-6";
			sourceTree = "<group>";
		};
/* End PBXGroup section */

/* Begin PBXNativeTarget section */
		7A833F4C25A10822008E6A4D /* Milestone4-6 */ = {
			isa = PBXNativeTarget;
			buildConfigurationList = 7A833F6125A10823008E6A4D /* Build configuration list for PBXNativeTarget "Milestone4-6" */;
			buildPhases = (
				7A833F4925A10822008E6A4D /* Sources */,
				7A833F4A25A10822008E6A4D /* Frameworks */,
				7A833F4B25A10822008E6A4D /* Resources */,
			);
			buildRules = (
			);
			dependencies = (
			);
			name = "Milestone4-6";
			productName = "Milestone4-6";
			productReference = 7A833F4D25A10822008E6A4D /* Milestone4-6.app */;
			productType = "com.apple.product-type.application";
		};
/* End PBXNativeTarget section */

/* Begin PBXProject section */
		7A833F4525A10822008E6A4D /* Project object */ = {
			isa = PBXProject;
			attributes = {
				LastSwiftUpdateCheck = 1230;
				LastUpgradeCheck = 1230;
				TargetAttributes = {
					7A833F4C25A10822008E6A4D = {
						CreatedOnToolsVersion = 12.3;
					};
				};
			};
			buildConfigurationList = 7A833F4825A10822008E6A4D /* Build configuration list for PBXProject "Milestone4-6" */;
			compatibilityVersion = "Xcode 9.3";
			developmentRegion = en;
			hasScannedForEncodings = 0;
			knownRegions = (
				en,
				Base,
			);
			mainGroup = 7A833F4425A10822008E6A4D;
			productRefGroup = 7A833F4E25A10822008E6A4D /* Products */;
			projectDirPath = "";
			projectRoot = "";
			targets = (
				7A833F4C25A10822008E6A4D /* Milestone4-6 */,
			);
		};
/* End PBXProject section */

/* Begin PBXResourcesBuildPhase section */
		7A833F4B25A10822008E6A4D /* Resources */ = {
			isa = PBXResourcesBuildPhase;
			buildActionMask = 2147483647;
			files = (
				7A833F5D25A10823008E6A4D /* LaunchScreen.storyboard in Resources */,
				7A833F5A25A10823008E6A4D /* Assets.xcassets in Resources */,
				7A833F5825A10822008E6A4D /* Main.storyboard in Resources */,
			);
			runOnlyForDeploymentPostprocessing = 0;
		};
/* End PBXResourcesBuildPhase section */

/* Begin PBXSourcesBuildPhase section */
		7A833F4925A10822008E6A4D /* Sources */ = {
			isa = PBXSourcesBuildPhase;
			buildActionMask = 2147483647;
			files = (
				7A833F5525A10822008E6A4D /* ViewController.swift in Sources */,
				7A833F5125A10822008E6A4D /* AppDelegate.swift in Sources */,
				7A833F5325A10822008E6A4D /* SceneDelegate.swift in Sources */,
			);
			runOnlyForDeploymentPostprocessing = 0;
		};
/* End PBXSourcesBuildPhase section */

/* Begin PBXVariantGroup section */
		7A833F5625A10822008E6A4D /* Main.storyboard */ = {
			isa = PBXVariantGroup;
			children = (
				7A833F5725A10822008E6A4D /* Base */,
			);
			name = Main.storyboard;
			sourceTree = "<group>";
		};
		7A833F5B25A10823008E6A4D /* LaunchScreen.storyboard */ = {
			isa = PBXVariantGroup;
			children = (
				7A833F5C25A10823008E6A4D /* Base */,
			);
			name = LaunchScreen.storyboard;
			sourceTree = "<group>";
		};
/* End PBXVariantGroup section */

/* Begin XCBuildConfiguration section */
		7A833F5F25A10823008E6A4D /* Debug */ = {
			isa = XCBuildConfiguration;
			buildSettings = {
				ALWAYS_SEARCH_USER_PATHS = NO;
				CLANG_ANALYZER_NONNULL = YES;
				CLANG_ANALYZER_NUMBER_OBJECT_CONVERSION = YES_AGGRESSIVE;
				CLANG_CXX_LANGUAGE_STANDARD = "gnu++14";
				CLANG_CXX_LIBRARY = "libc++";
				CLANG_ENABLE_MODULES = YES;
				CLANG_ENABLE_OBJC_ARC = YES;
				CLANG_ENABLE_OBJC_WEAK = YES;
				CLANG_WARN_BLOCK_CAPTURE_AUTORELEASING = YES;
				CLANG_WARN_BOOL_CONVERSION = YES;
				CLANG_WARN_COMMA = YES;
				CLANG_WARN_CONSTANT_CONVERSION = YES;
				CLANG_WARN_DEPRECATED_OBJC_IMPLEMENTATIONS = YES;
				CLANG_WARN_DIRECT_OBJC_ISA_USAGE = YES_ERROR;
				CLANG_WARN_DOCUMENTATION_COMMENTS = YES;
				CLANG_WARN_EMPTY_BODY = YES;
				CLANG_WARN_ENUM_CONVERSION = YES;
				CLANG_WARN_INFINITE_RECURSION = YES;
				CLANG_WARN_INT_CONVERSION = YES;
				CLANG_WARN_NON_LITERAL_NULL_CONVERSION = YES;
				CLANG_WARN_OBJC_IMPLICIT_RETAIN_SELF = YES;
				CLANG_WARN_OBJC_LITERAL_CONVERSION = YES;
				CLANG_WARN_OBJC_ROOT_CLASS = YES_ERROR;
				CLANG_WARN_QUOTED_INCLUDE_IN_FRAMEWORK_HEADER = YES;
				CLANG_WARN_RANGE_LOOP_ANALYSIS = YES;
				CLANG_WARN_STRICT_PROTOTYPES = YES;
				CLANG_WARN_SUSPICIOUS_MOVE = YES;
				CLANG_WARN_UNGUARDED_AVAILABILITY = YES_AGGRESSIVE;
				CLANG_WARN_UNREACHABLE_CODE = YES;
				CLANG_WARN__DUPLICATE_METHOD_MATCH = YES;
				COPY_PHASE_STRIP = NO;
				DEBUG_INFORMATION_FORMAT = dwarf;
				ENABLE_STRICT_OBJC_MSGSEND = YES;
				ENABLE_TESTABILITY = YES;
				GCC_C_LANGUAGE_STANDARD = gnu11;
				GCC_DYNAMIC_NO_PIC = NO;
				GCC_NO_COMMON_BLOCKS = YES;
				GCC_OPTIMIZATION_LEVEL = 0;
				GCC_PREPROCESSOR_DEFINITIONS = (
					"DEBUG=1",
					"$(inherited)",
				);
				GCC_WARN_64_TO_32_BIT_CONVERSION = YES;
				GCC_WARN_ABOUT_RETURN_TYPE = YES_ERROR;
				GCC_WARN_UNDECLARED_SELECTOR = YES;
				GCC_WARN_UNINITIALIZED_AUTOS = YES_AGGRESSIVE;
				GCC_WARN_UNUSED_FUNCTION = YES;
				GCC_WARN_UNUSED_VARIABLE = YES;
				IPHONEOS_DEPLOYMENT_TARGET = 14.3;
				MTL_ENABLE_DEBUG_INFO = INCLUDE_SOURCE;
				MTL_FAST_MATH = YES;
				ONLY_ACTIVE_ARCH = YES;
				SDKROOT = iphoneos;
				SWIFT_ACTIVE_COMPILATION_CONDITIONS = DEBUG;
				SWIFT_OPTIMIZATION_LEVEL = "-Onone";
			};
			name = Debug;
		};
		7A833F6025A10823008E6A4D /* Release */ = {
			isa = XCBuildConfiguration;
			buildSettings = {
				ALWAYS_SEARCH_USER_PATHS = NO;
				CLANG_ANALYZER_NONNULL = YES;
				CLANG_ANALYZER_NUMBER_OBJECT_CONVERSION = YES_AGGRESSIVE;
				CLANG_CXX_LANGUAGE_STANDARD = "gnu++14";
				CLANG_CXX_LIBRARY = "libc++";
				CLANG_ENABLE_MODULES = YES;
				CLANG_ENABLE_OBJC_ARC = YES;
				CLANG_ENABLE_OBJC_WEAK = YES;
				CLANG_WARN_BLOCK_CAPTURE_AUTORELEASING = YES;
				CLANG_WARN_BOOL_CONVERSION = YES;
				CLANG_WARN_COMMA = YES;
				CLANG_WARN_CONSTANT_CONVERSION = YES;
				CLANG_WARN_DEPRECATED_OBJC_IMPLEMENTATIONS = YES;
				CLANG_WARN_DIRECT_OBJC_ISA_USAGE = YES_ERROR;
				CLANG_WARN_DOCUMENTATION_COMMENTS = YES;
				CLANG_WARN_EMPTY_BODY = YES;
				CLANG_WARN_ENUM_CONVERSION = YES;
				CLANG_WARN_INFINITE_RECURSION = YES;
				CLANG_WARN_INT_CONVERSION = YES;
				CLANG_WARN_NON_LITERAL_NULL_CONVERSION = YES;
				CLANG_WARN_OBJC_IMPLICIT_RETAIN_SELF = YES;
				CLANG_WARN_OBJC_LITERAL_CONVERSION = YES;
				CLANG_WARN_OBJC_ROOT_CLASS = YES_ERROR;
				CLANG_WARN_QUOTED_INCLUDE_IN_FRAMEWORK_HEADER = YES;
				CLANG_WARN_RANGE_LOOP_ANALYSIS = YES;
				CLANG_WARN_STRICT_PROTOTYPES = YES;
				CLANG_WARN_SUSPICIOUS_MOVE = YES;
				CLANG_WARN_UNGUARDED_AVAILABILITY = YES_AGGRESSIVE;
				CLANG_WARN_UNREACHABLE_CODE = YES;
				CLANG_WARN__DUPLICATE_METHOD_MATCH = YES;
				COPY_PHASE_STRIP = NO;
				DEBUG_INFORMATION_FORMAT = "dwarf-with-dsym";
				ENABLE_NS_ASSERTIONS = NO;
				ENABLE_STRICT_OBJC_MSGSEND = YES;
				GCC_C_LANGUAGE_STANDARD = gnu11;
				GCC_NO_COMMON_BLOCKS = YES;
				GCC_WARN_64_TO_32_BIT_CONVERSION = YES;
				GCC_WARN_ABOUT_RETURN_TYPE = YES_ERROR;
				GCC_WARN_UNDECLARED_SELECTOR = YES;
				GCC_WARN_UNINITIALIZED_AUTOS = YES_AGGRESSIVE;
				GCC_WARN_UNUSED_FUNCTION = YES;
				GCC_WARN_UNUSED_VARIABLE = YES;
				IPHONEOS_DEPLOYMENT_TARGET = 14.3;
				MTL_ENABLE_DEBUG_INFO = NO;
				MTL_FAST_MATH = YES;
				SDKROOT = iphoneos;
				SWIFT_COMPILATION_MODE = wholemodule;
				SWIFT_OPTIMIZATION_LEVEL = "-O";
				VALIDATE_PRODUCT = YES;
			};
			name = Release;
		};
		7A833F6225A10823008E6A4D /* Debug */ = {
			isa = XCBuildConfiguration;
			buildSettings = {
				ASSETCATALOG_COMPILER_APPICON_NAME = AppIcon;
				ASSETCATALOG_COMPILER_GLOBAL_ACCENT_COLOR_NAME = AccentColor;
				CODE_SIGN_STYLE = Automatic;
				INFOPLIST_FILE = "Milestone4-6/Info.plist";
				LD_RUNPATH_SEARCH_PATHS = (
					"$(inherited)",
					"@executable_path/Frameworks",
				);
				PRODUCT_BUNDLE_IDENTIFIER = "com.lukaszr.Milestone4-6";
				PRODUCT_NAME = "$(TARGET_NAME)";
				SWIFT_VERSION = 5.0;
				TARGETED_DEVICE_FAMILY = "1,2";
			};
			name = Debug;
		};
		7A833F6325A10823008E6A4D /* Release */ = {
			isa = XCBuildConfiguration;
			buildSettings = {
				ASSETCATALOG_COMPILER_APPICON_NAME = AppIcon;
				ASSETCATALOG_COMPILER_GLOBAL_ACCENT_COLOR_NAME = AccentColor;
				CODE_SIGN_STYLE = Automatic;
				INFOPLIST_FILE = "Milestone4-6/Info.plist";
				LD_RUNPATH_SEARCH_PATHS = (
					"$(inherited)",
					"@executable_path/Frameworks",
				);
				PRODUCT_BUNDLE_IDENTIFIER = "com.lukaszr.Milestone4-6";
				PRODUCT_NAME = "$(TARGET_NAME)";
				SWIFT_VERSION = 5.0;
				TARGETED_DEVICE_FAMILY = "1,2";
			};
			name = Release;
		};
/* End XCBuildConfiguration section */

/* Begin XCConfigurationList section */
		7A833F4825A10822008E6A4D /* Build configuration list for PBXProject "Milestone4-6" */ = {
			isa = XCConfigurationList;
			buildConfigurations = (
				7A833F5F25A10823008E6A4D /* Debug */,
				7A833F6025A10823008E6A4D /* Release */,
			);
			defaultConfigurationIsVisible = 0;
			defaultConfigurationName = Release;
		};
		7A833F6125A10823008E6A4D /* Build configuration list for PBXNativeTarget "Milestone4-6" */ = {
			isa = XCConfigurationList;
			buildConfigurations = (
				7A833F6225A10823008E6A4D /* Debug */,
				7A833F6325A10823008E6A4D /* Release */,
			);
			defaultConfigurationIsVisible = 0;
			defaultConfigurationName = Release;
		};
/* End XCConfigurationList section */
	};
	rootObject = 7A833F4525A10822008E6A4D /* Project object */;
}
